github.com/gorilla/mux v1.8.0 h1:i40aqfkR1h2SlN9hojwV5ZA91wcXFOvkdNIeFDP5koI=
github.com/gorilla/mux v1.8.0/go.mod h1:DVbg23sWSpFRCP0SfiEN6jmj59UnW/n46BH5rLB71So=
github.com/trite8q1/go-keygen-service v0.0.0-20220716232045-a573e7331066 h1:PzvHcp/8CjfqnMrkoYn0DkHh40lCPUPP53Uqx+3Ds8k=
github.com/trite8q1/go-keygen-service v0.0.0-20220716232045-a573e7331066/go.mod h1:e5CdFnqR+kOkG1KZ9N7UaUToJSwpPIfPos+CfoLXsRE=
